
Microsoft Visual Studio Solution File, Format Version 12.00
Project("{FAE04EC0-301F-11D3-BF4B-00C04F79EFBC}") = "Maze", "Maze\Maze.csproj", "{DE93320D-73B8-47C9-A5A9-323EEC0527D5}"
EndProject
Project("{FAE04EC0-301F-11D3-BF4B-00C04F79EFBC}") = "NeuralNetwork", "NeuralNetwork\NeuralNetwork.csproj", "{FC656339-8F87-4C50-A80A-413BF9363362}"
EndProject
Project("{FAE04EC0-301F-11D3-BF4B-00C04F79EFBC}") = "SentimentAnalysis", "SentimentAnalysis\SentimentAnalysis.csproj", "{BF7B376A-C149-4577-8B18-8669D21FEF7D}"
EndProject
Project("{FAE04EC0-301F-11D3-BF4B-00C04F79EFBC}") = "ImageClassification", "ImageClassification\ImageClassification.csproj", "{95EF9D81-AFB7-431F-9547-986B769FB60E}"
EndProject
Project("{FAE04EC0-301F-11D3-BF4B-00C04F79EFBC}") = "Regression", "Regression\Regression.csproj", "{A347975A-5B53-4D74-8B31-E1DD639FF96B}"
EndProject
Global
	GlobalSection(SolutionConfigurationPlatforms) = preSolution
		Debug|Any CPU = Debug|Any CPU
		Release|Any CPU = Release|Any CPU
	EndGlobalSection
	GlobalSection(ProjectConfigurationPlatforms) = postSolution
		{DE93320D-73B8-47C9-A5A9-323EEC0527D5}.Debug|Any CPU.ActiveCfg = Debug|Any CPU
		{DE93320D-73B8-47C9-A5A9-323EEC0527D5}.Debug|Any CPU.Build.0 = Debug|Any CPU
		{DE93320D-73B8-47C9-A5A9-323EEC0527D5}.Release|Any CPU.ActiveCfg = Release|Any CPU
		{DE93320D-73B8-47C9-A5A9-323EEC0527D5}.Release|Any CPU.Build.0 = Release|Any CPU
		{FC656339-8F87-4C50-A80A-413BF9363362}.Debug|Any CPU.ActiveCfg = Debug|Any CPU
		{FC656339-8F87-4C50-A80A-413BF9363362}.Debug|Any CPU.Build.0 = Debug|Any CPU
		{FC656339-8F87-4C50-A80A-413BF9363362}.Release|Any CPU.ActiveCfg = Release|Any CPU
		{FC656339-8F87-4C50-A80A-413BF9363362}.Release|Any CPU.Build.0 = Release|Any CPU
		{BF7B376A-C149-4577-8B18-8669D21FEF7D}.Debug|Any CPU.ActiveCfg = Debug|Any CPU
		{BF7B376A-C149-4577-8B18-8669D21FEF7D}.Debug|Any CPU.Build.0 = Debug|Any CPU
		{BF7B376A-C149-4577-8B18-8669D21FEF7D}.Release|Any CPU.ActiveCfg = Release|Any CPU
		{BF7B376A-C149-4577-8B18-8669D21FEF7D}.Release|Any CPU.Build.0 = Release|Any CPU
		{95EF9D81-AFB7-431F-9547-986B769FB60E}.Debug|Any CPU.ActiveCfg = Debug|Any CPU
		{95EF9D81-AFB7-431F-9547-986B769FB60E}.Debug|Any CPU.Build.0 = Debug|Any CPU
		{95EF9D81-AFB7-431F-9547-986B769FB60E}.Release|Any CPU.ActiveCfg = Release|Any CPU
		{95EF9D81-AFB7-431F-9547-986B769FB60E}.Release|Any CPU.Build.0 = Release|Any CPU
		{A347975A-5B53-4D74-8B31-E1DD639FF96B}.Debug|Any CPU.ActiveCfg = Debug|Any CPU
		{A347975A-5B53-4D74-8B31-E1DD639FF96B}.Debug|Any CPU.Build.0 = Debug|Any CPU
		{A347975A-5B53-4D74-8B31-E1DD639FF96B}.Release|Any CPU.ActiveCfg = Release|Any CPU
		{A347975A-5B53-4D74-8B31-E1DD639FF96B}.Release|Any CPU.Build.0 = Release|Any CPU
	EndGlobalSection
EndGlobal
